apiVersion: vendir.k14s.io/v1alpha1
directories:
- contents:
  - git:
      commitTitle: Backport module tag workflow (#5810)...
      sha: 14b1cd93eea8772b3abcf1b3786c254233ac149a
      tags:
      - pkg/helmvalues/v0.16.2
    path: fleet
  path: vendor
- contents:
  - directory: {}
    path: .
  path: helm/rancher-fleet
kind: LockConfig
